{
  "name": "xpress-tech-portal",
  "lockfileVersion": 3,
  "requires": true,
  "packages": {
    "": {
      "dependencies": {
        "date-fns": "^4.1.0",
        "react-day-picker": "^9.6.7"
      }
    },
    "node_modules/@date-fns/tz": {
      "version": "1.2.0",
      "resolved": "https://registry.npmjs.org/@date-fns/tz/-/tz-1.2.0.tgz",
      "integrity": "sha512-LBrd7MiJZ9McsOgxqWX7AaxrDjcFVjWH/tIKJd7pnR7McaslGYOP1QmmiBXdJH/H/yLCT+rcQ7FaPBUxRGUtrg==",
      "license": "MIT"
    },
    "node_modules/date-fns": {
      "version": "4.1.0",
      "resolved": "https://registry.npmjs.org/date-fns/-/date-fns-4.1.0.tgz",
      "integrity": "sha512-Ukq0owbQXxa/U3EGtsdVBkR1w7KOQ5gIBqdH2hkvknzZPYvBxb/aa6E8L7tmjFtkwZBu3UXBbjIgPo/Ez4xaNg==",
      "license": "MIT",
      "funding": {
        "type": "github",
        "url": "https://github.com/sponsors/kossnocorp"
      }
    },
    "node_modules/date-fns-jalali": {
      "version": "4.1.0-0",
      "resolved": "https://registry.npmjs.org/date-fns-jalali/-/date-fns-jalali-4.1.0-0.tgz",
      "integrity": "sha512-hTIP/z+t+qKwBDcmmsnmjWTduxCg+5KfdqWQvb2X/8C9+knYY6epN/pfxdDuyVlSVeFz0sM5eEfwIUQ70U4ckg==",
      "license": "MIT"
    },
    "node_modules/react-day-picker": {
      "version": "9.6.7",
      "resolved": "https://registry.npmjs.org/react-day-picker/-/react-day-picker-9.6.7.tgz",
      "integrity": "sha512-rCSt6X8FXQWpjykns/azRXjJk3cMSzkzGbDEXuEveFGNZgOjZULdJQ5wsu8Zfyo8ZgPBoYCBKQ5wRrgJfhJGbg==",
      "license": "MIT",
      "dependencies": {
        "@date-fns/tz": "1.2.0",
        "date-fns": "4.1.0",
        "date-fns-jalali": "4.1.0-0"
      },
      "engines": {
        "node": ">=18"
      },
      "funding": {
        "type": "individual",
        "url": "https://github.com/sponsors/gpbl"
      },
      "peerDependencies": {
        "react": ">=16.8.0"
      }
    }
  }
}
